# This file is automatically @generated by Cargo.
# It is not intended for manual editing.
[[package]]
name = "afl"
version = "0.4.4"
source = "registry+https://github.com/rust-lang/crates.io-index"
dependencies = [
 "cc 1.0.38 (registry+https://github.com/rust-lang/crates.io-index)",
 "clap 2.33.0 (registry+https://github.com/rust-lang/crates.io-index)",
 "rustc_version 0.2.3 (registry+https://github.com/rust-lang/crates.io-index)",
 "xdg 2.2.0 (registry+https://github.com/rust-lang/crates.io-index)",
]

[[package]]
name = "ansi_term"
version = "0.11.0"
source = "registry+https://github.com/rust-lang/crates.io-index"
dependencies = [
 "winapi 0.3.7 (registry+https://github.com/rust-lang/crates.io-index)",
]

[[package]]
name = "arbitrary"
version = "0.1.1"
source = "registry+https://github.com/rust-lang/crates.io-index"

[[package]]
name = "atty"
version = "0.2.13"
source = "registry+https://github.com/rust-lang/crates.io-index"
dependencies = [
 "libc 0.2.60 (registry+https://github.com/rust-lang/crates.io-index)",
 "winapi 0.3.7 (registry+https://github.com/rust-lang/crates.io-index)",
]

[[package]]
name = "backtrace"
version = "0.3.33"
source = "registry+https://github.com/rust-lang/crates.io-index"
dependencies = [
 "backtrace-sys 0.1.31 (registry+https://github.com/rust-lang/crates.io-index)",
 "cfg-if 0.1.9 (registry+https://github.com/rust-lang/crates.io-index)",
 "libc 0.2.60 (registry+https://github.com/rust-lang/crates.io-index)",
 "rustc-demangle 0.1.15 (registry+https://github.com/rust-lang/crates.io-index)",
]

[[package]]
name = "backtrace-sys"
version = "0.1.31"
source = "registry+https://github.com/rust-lang/crates.io-index"
dependencies = [
 "cc 1.0.38 (registry+https://github.com/rust-lang/crates.io-index)",
 "libc 0.2.60 (registry+https://github.com/rust-lang/crates.io-index)",
]

[[package]]
name = "bitflags"
version = "1.1.0"
source = "registry+https://github.com/rust-lang/crates.io-index"

[[package]]
name = "c2-chacha"
version = "0.2.2"
source = "registry+https://github.com/rust-lang/crates.io-index"
dependencies = [
 "lazy_static 1.3.0 (registry+https://github.com/rust-lang/crates.io-index)",
 "ppv-lite86 0.2.5 (registry+https://github.com/rust-lang/crates.io-index)",
]

[[package]]
name = "cc"
version = "1.0.38"
source = "registry+https://github.com/rust-lang/crates.io-index"

[[package]]
name = "cfg-if"
version = "0.1.9"
source = "registry+https://github.com/rust-lang/crates.io-index"

[[package]]
name = "clap"
version = "2.33.0"
source = "registry+https://github.com/rust-lang/crates.io-index"
dependencies = [
 "ansi_term 0.11.0 (registry+https://github.com/rust-lang/crates.io-index)",
 "atty 0.2.13 (registry+https://github.com/rust-lang/crates.io-index)",
 "bitflags 1.1.0 (registry+https://github.com/rust-lang/crates.io-index)",
 "strsim 0.8.0 (registry+https://github.com/rust-lang/crates.io-index)",
 "textwrap 0.11.0 (registry+https://github.com/rust-lang/crates.io-index)",
 "unicode-width 0.1.5 (registry+https://github.com/rust-lang/crates.io-index)",
 "vec_map 0.8.1 (registry+https://github.com/rust-lang/crates.io-index)",
]

[[package]]
name = "cranelift"
version = "0.44.0"
source = "registry+https://github.com/rust-lang/crates.io-index"
dependencies = [
 "cranelift-codegen 0.44.0 (registry+https://github.com/rust-lang/crates.io-index)",
 "cranelift-frontend 0.44.0 (registry+https://github.com/rust-lang/crates.io-index)",
]

[[package]]
name = "cranelift-bforest"
version = "0.44.0"
source = "registry+https://github.com/rust-lang/crates.io-index"
dependencies = [
 "cranelift-entity 0.44.0 (registry+https://github.com/rust-lang/crates.io-index)",
]

[[package]]
name = "cranelift-codegen"
version = "0.44.0"
source = "registry+https://github.com/rust-lang/crates.io-index"
dependencies = [
 "cranelift-bforest 0.44.0 (registry+https://github.com/rust-lang/crates.io-index)",
 "cranelift-codegen-meta 0.44.0 (registry+https://github.com/rust-lang/crates.io-index)",
 "cranelift-codegen-shared 0.44.0 (registry+https://github.com/rust-lang/crates.io-index)",
 "cranelift-entity 0.44.0 (registry+https://github.com/rust-lang/crates.io-index)",
 "failure 0.1.5 (registry+https://github.com/rust-lang/crates.io-index)",
 "failure_derive 0.1.5 (registry+https://github.com/rust-lang/crates.io-index)",
 "log 0.4.8 (registry+https://github.com/rust-lang/crates.io-index)",
 "smallvec 0.6.10 (registry+https://github.com/rust-lang/crates.io-index)",
 "target-lexicon 0.8.1 (registry+https://github.com/rust-lang/crates.io-index)",
]

[[package]]
name = "cranelift-codegen-meta"
version = "0.44.0"
source = "registry+https://github.com/rust-lang/crates.io-index"
dependencies = [
 "cranelift-codegen-shared 0.44.0 (registry+https://github.com/rust-lang/crates.io-index)",
 "cranelift-entity 0.44.0 (registry+https://github.com/rust-lang/crates.io-index)",
]

[[package]]
name = "cranelift-codegen-shared"
version = "0.44.0"
source = "registry+https://github.com/rust-lang/crates.io-index"

[[package]]
name = "cranelift-entity"
version = "0.44.0"
source = "registry+https://github.com/rust-lang/crates.io-index"

[[package]]
name = "cranelift-faerie"
version = "0.44.0"
source = "registry+https://github.com/rust-lang/crates.io-index"
dependencies = [
 "cranelift-codegen 0.44.0 (registry+https://github.com/rust-lang/crates.io-index)",
 "cranelift-module 0.44.0 (registry+https://github.com/rust-lang/crates.io-index)",
 "faerie 0.11.0 (registry+https://github.com/rust-lang/crates.io-index)",
 "failure 0.1.5 (registry+https://github.com/rust-lang/crates.io-index)",
 "goblin 0.0.24 (registry+https://github.com/rust-lang/crates.io-index)",
 "target-lexicon 0.8.1 (registry+https://github.com/rust-lang/crates.io-index)",
]

[[package]]
name = "cranelift-frontend"
version = "0.44.0"
source = "registry+https://github.com/rust-lang/crates.io-index"
dependencies = [
 "cranelift-codegen 0.44.0 (registry+https://github.com/rust-lang/crates.io-index)",
 "log 0.4.8 (registry+https://github.com/rust-lang/crates.io-index)",
 "smallvec 0.6.10 (registry+https://github.com/rust-lang/crates.io-index)",
 "target-lexicon 0.8.1 (registry+https://github.com/rust-lang/crates.io-index)",
]

[[package]]
name = "cranelift-module"
version = "0.44.0"
source = "registry+https://github.com/rust-lang/crates.io-index"
dependencies = [
 "cranelift-codegen 0.44.0 (registry+https://github.com/rust-lang/crates.io-index)",
 "cranelift-entity 0.44.0 (registry+https://github.com/rust-lang/crates.io-index)",
 "failure 0.1.5 (registry+https://github.com/rust-lang/crates.io-index)",
 "log 0.4.8 (registry+https://github.com/rust-lang/crates.io-index)",
]

[[package]]
name = "faerie"
version = "0.11.0"
source = "registry+https://github.com/rust-lang/crates.io-index"
dependencies = [
 "failure 0.1.5 (registry+https://github.com/rust-lang/crates.io-index)",
 "goblin 0.0.24 (registry+https://github.com/rust-lang/crates.io-index)",
 "indexmap 1.0.2 (registry+https://github.com/rust-lang/crates.io-index)",
 "log 0.4.8 (registry+https://github.com/rust-lang/crates.io-index)",
 "scroll 0.9.2 (registry+https://github.com/rust-lang/crates.io-index)",
 "string-interner 0.7.1 (registry+https://github.com/rust-lang/crates.io-index)",
 "target-lexicon 0.8.1 (registry+https://github.com/rust-lang/crates.io-index)",
]

[[package]]
name = "failure"
version = "0.1.5"
source = "registry+https://github.com/rust-lang/crates.io-index"
dependencies = [
 "backtrace 0.3.33 (registry+https://github.com/rust-lang/crates.io-index)",
 "failure_derive 0.1.5 (registry+https://github.com/rust-lang/crates.io-index)",
]

[[package]]
name = "failure_derive"
version = "0.1.5"
source = "registry+https://github.com/rust-lang/crates.io-index"
dependencies = [
 "proc-macro2 0.4.30 (registry+https://github.com/rust-lang/crates.io-index)",
 "quote 0.6.13 (registry+https://github.com/rust-lang/crates.io-index)",
 "syn 0.15.42 (registry+https://github.com/rust-lang/crates.io-index)",
 "synstructure 0.10.2 (registry+https://github.com/rust-lang/crates.io-index)",
]

[[package]]
name = "getrandom"
version = "0.1.7"
source = "registry+https://github.com/rust-lang/crates.io-index"
dependencies = [
 "cfg-if 0.1.9 (registry+https://github.com/rust-lang/crates.io-index)",
 "libc 0.2.60 (registry+https://github.com/rust-lang/crates.io-index)",
]

[[package]]
name = "goblin"
version = "0.0.24"
source = "registry+https://github.com/rust-lang/crates.io-index"
dependencies = [
 "log 0.4.8 (registry+https://github.com/rust-lang/crates.io-index)",
 "plain 0.2.3 (registry+https://github.com/rust-lang/crates.io-index)",
 "scroll 0.9.2 (registry+https://github.com/rust-lang/crates.io-index)",
]

[[package]]
name = "indexmap"
version = "1.0.2"
source = "registry+https://github.com/rust-lang/crates.io-index"

[[package]]
name = "itoa"
version = "0.4.4"
source = "registry+https://github.com/rust-lang/crates.io-index"

[[package]]
name = "lazy_static"
version = "1.3.0"
source = "registry+https://github.com/rust-lang/crates.io-index"

[[package]]
name = "libc"
version = "0.2.60"
source = "registry+https://github.com/rust-lang/crates.io-index"

[[package]]
name = "libfuzzer-sys"
version = "0.1.0"
source = "git+https://github.com/rust-fuzz/libfuzzer-sys.git#4a413199b5cb1bbed6a1d157b2342b925f8464ac"
dependencies = [
 "arbitrary 0.1.1 (registry+https://github.com/rust-lang/crates.io-index)",
 "cc 1.0.38 (registry+https://github.com/rust-lang/crates.io-index)",
]

[[package]]
name = "log"
version = "0.4.8"
source = "registry+https://github.com/rust-lang/crates.io-index"
dependencies = [
 "cfg-if 0.1.9 (registry+https://github.com/rust-lang/crates.io-index)",
]

[[package]]
name = "pico-args"
version = "0.2.0"
source = "registry+https://github.com/rust-lang/crates.io-index"

[[package]]
name = "plain"
version = "0.2.3"
source = "registry+https://github.com/rust-lang/crates.io-index"

[[package]]
name = "ppv-lite86"
version = "0.2.5"
source = "registry+https://github.com/rust-lang/crates.io-index"

[[package]]
name = "proc-macro2"
version = "0.4.30"
source = "registry+https://github.com/rust-lang/crates.io-index"
dependencies = [
 "unicode-xid 0.1.0 (registry+https://github.com/rust-lang/crates.io-index)",
]

[[package]]
name = "quote"
version = "0.6.13"
source = "registry+https://github.com/rust-lang/crates.io-index"
dependencies = [
 "proc-macro2 0.4.30 (registry+https://github.com/rust-lang/crates.io-index)",
]

[[package]]
name = "rand"
version = "0.7.0"
source = "registry+https://github.com/rust-lang/crates.io-index"
dependencies = [
 "getrandom 0.1.7 (registry+https://github.com/rust-lang/crates.io-index)",
 "libc 0.2.60 (registry+https://github.com/rust-lang/crates.io-index)",
 "rand_chacha 0.2.1 (registry+https://github.com/rust-lang/crates.io-index)",
 "rand_core 0.5.0 (registry+https://github.com/rust-lang/crates.io-index)",
 "rand_hc 0.2.0 (registry+https://github.com/rust-lang/crates.io-index)",
]

[[package]]
name = "rand_chacha"
version = "0.2.1"
source = "registry+https://github.com/rust-lang/crates.io-index"
dependencies = [
 "c2-chacha 0.2.2 (registry+https://github.com/rust-lang/crates.io-index)",
 "rand_core 0.5.0 (registry+https://github.com/rust-lang/crates.io-index)",
]

[[package]]
name = "rand_core"
version = "0.5.0"
source = "registry+https://github.com/rust-lang/crates.io-index"
dependencies = [
 "getrandom 0.1.7 (registry+https://github.com/rust-lang/crates.io-index)",
]

[[package]]
name = "rand_hc"
version = "0.2.0"
source = "registry+https://github.com/rust-lang/crates.io-index"
dependencies = [
 "rand_core 0.5.0 (registry+https://github.com/rust-lang/crates.io-index)",
]

[[package]]
name = "rcc"
version = "0.1.0"
dependencies = [
 "ansi_term 0.11.0 (registry+https://github.com/rust-lang/crates.io-index)",
 "cranelift 0.44.0 (registry+https://github.com/rust-lang/crates.io-index)",
 "cranelift-faerie 0.44.0 (registry+https://github.com/rust-lang/crates.io-index)",
 "cranelift-module 0.44.0 (registry+https://github.com/rust-lang/crates.io-index)",
 "failure 0.1.5 (registry+https://github.com/rust-lang/crates.io-index)",
 "lazy_static 1.3.0 (registry+https://github.com/rust-lang/crates.io-index)",
 "pico-args 0.2.0 (registry+https://github.com/rust-lang/crates.io-index)",
 "target-lexicon 0.8.1 (registry+https://github.com/rust-lang/crates.io-index)",
 "tempfile 3.1.0 (registry+https://github.com/rust-lang/crates.io-index)",
]

[[package]]
name = "rcc-fuzz"
version = "0.0.1"
dependencies = [
 "afl 0.4.4 (registry+https://github.com/rust-lang/crates.io-index)",
 "libfuzzer-sys 0.1.0 (git+https://github.com/rust-fuzz/libfuzzer-sys.git)",
 "rcc 0.1.0",
]

[[package]]
name = "redox_syscall"
version = "0.1.56"
source = "registry+https://github.com/rust-lang/crates.io-index"

[[package]]
name = "remove_dir_all"
version = "0.5.2"
source = "registry+https://github.com/rust-lang/crates.io-index"
dependencies = [
 "winapi 0.3.7 (registry+https://github.com/rust-lang/crates.io-index)",
]

[[package]]
name = "rustc-demangle"
version = "0.1.15"
source = "registry+https://github.com/rust-lang/crates.io-index"

[[package]]
name = "rustc_version"
version = "0.2.3"
source = "registry+https://github.com/rust-lang/crates.io-index"
dependencies = [
 "semver 0.9.0 (registry+https://github.com/rust-lang/crates.io-index)",
]

[[package]]
name = "ryu"
version = "1.0.0"
source = "registry+https://github.com/rust-lang/crates.io-index"

[[package]]
name = "scroll"
version = "0.9.2"
source = "registry+https://github.com/rust-lang/crates.io-index"
dependencies = [
 "rustc_version 0.2.3 (registry+https://github.com/rust-lang/crates.io-index)",
 "scroll_derive 0.9.5 (registry+https://github.com/rust-lang/crates.io-index)",
]

[[package]]
name = "scroll_derive"
version = "0.9.5"
source = "registry+https://github.com/rust-lang/crates.io-index"
dependencies = [
 "proc-macro2 0.4.30 (registry+https://github.com/rust-lang/crates.io-index)",
 "quote 0.6.13 (registry+https://github.com/rust-lang/crates.io-index)",
 "syn 0.15.42 (registry+https://github.com/rust-lang/crates.io-index)",
]

[[package]]
name = "semver"
version = "0.9.0"
source = "registry+https://github.com/rust-lang/crates.io-index"
dependencies = [
 "semver-parser 0.7.0 (registry+https://github.com/rust-lang/crates.io-index)",
]

[[package]]
name = "semver-parser"
version = "0.7.0"
source = "registry+https://github.com/rust-lang/crates.io-index"

[[package]]
name = "serde"
version = "1.0.98"
source = "registry+https://github.com/rust-lang/crates.io-index"

[[package]]
name = "serde_json"
version = "1.0.40"
source = "registry+https://github.com/rust-lang/crates.io-index"
dependencies = [
 "itoa 0.4.4 (registry+https://github.com/rust-lang/crates.io-index)",
 "ryu 1.0.0 (registry+https://github.com/rust-lang/crates.io-index)",
 "serde 1.0.98 (registry+https://github.com/rust-lang/crates.io-index)",
]

[[package]]
name = "smallvec"
version = "0.6.10"
source = "registry+https://github.com/rust-lang/crates.io-index"

[[package]]
name = "string-interner"
version = "0.7.1"
source = "registry+https://github.com/rust-lang/crates.io-index"
dependencies = [
 "serde 1.0.98 (registry+https://github.com/rust-lang/crates.io-index)",
]

[[package]]
name = "strsim"
version = "0.8.0"
source = "registry+https://github.com/rust-lang/crates.io-index"

[[package]]
name = "syn"
version = "0.15.42"
source = "registry+https://github.com/rust-lang/crates.io-index"
dependencies = [
 "proc-macro2 0.4.30 (registry+https://github.com/rust-lang/crates.io-index)",
 "quote 0.6.13 (registry+https://github.com/rust-lang/crates.io-index)",
 "unicode-xid 0.1.0 (registry+https://github.com/rust-lang/crates.io-index)",
]

[[package]]
name = "synstructure"
version = "0.10.2"
source = "registry+https://github.com/rust-lang/crates.io-index"
dependencies = [
 "proc-macro2 0.4.30 (registry+https://github.com/rust-lang/crates.io-index)",
 "quote 0.6.13 (registry+https://github.com/rust-lang/crates.io-index)",
 "syn 0.15.42 (registry+https://github.com/rust-lang/crates.io-index)",
 "unicode-xid 0.1.0 (registry+https://github.com/rust-lang/crates.io-index)",
]

[[package]]
name = "target-lexicon"
version = "0.8.1"
source = "registry+https://github.com/rust-lang/crates.io-index"
dependencies = [
 "failure 0.1.5 (registry+https://github.com/rust-lang/crates.io-index)",
 "failure_derive 0.1.5 (registry+https://github.com/rust-lang/crates.io-index)",
 "serde_json 1.0.40 (registry+https://github.com/rust-lang/crates.io-index)",
]

[[package]]
name = "tempfile"
version = "3.1.0"
source = "registry+https://github.com/rust-lang/crates.io-index"
dependencies = [
 "cfg-if 0.1.9 (registry+https://github.com/rust-lang/crates.io-index)",
 "libc 0.2.60 (registry+https://github.com/rust-lang/crates.io-index)",
 "rand 0.7.0 (registry+https://github.com/rust-lang/crates.io-index)",
 "redox_syscall 0.1.56 (registry+https://github.com/rust-lang/crates.io-index)",
 "remove_dir_all 0.5.2 (registry+https://github.com/rust-lang/crates.io-index)",
 "winapi 0.3.7 (registry+https://github.com/rust-lang/crates.io-index)",
]

[[package]]
name = "textwrap"
version = "0.11.0"
source = "registry+https://github.com/rust-lang/crates.io-index"
dependencies = [
 "unicode-width 0.1.5 (registry+https://github.com/rust-lang/crates.io-index)",
]

[[package]]
name = "unicode-width"
version = "0.1.5"
source = "registry+https://github.com/rust-lang/crates.io-index"

[[package]]
name = "unicode-xid"
version = "0.1.0"
source = "registry+https://github.com/rust-lang/crates.io-index"

[[package]]
name = "vec_map"
version = "0.8.1"
source = "registry+https://github.com/rust-lang/crates.io-index"

[[package]]
name = "winapi"
version = "0.3.7"
source = "registry+https://github.com/rust-lang/crates.io-index"
dependencies = [
 "winapi-i686-pc-windows-gnu 0.4.0 (registry+https://github.com/rust-lang/crates.io-index)",
 "winapi-x86_64-pc-windows-gnu 0.4.0 (registry+https://github.com/rust-lang/crates.io-index)",
]

[[package]]
name = "winapi-i686-pc-windows-gnu"
version = "0.4.0"
source = "registry+https://github.com/rust-lang/crates.io-index"

[[package]]
name = "winapi-x86_64-pc-windows-gnu"
version = "0.4.0"
source = "registry+https://github.com/rust-lang/crates.io-index"

[[package]]
name = "xdg"
version = "2.2.0"
source = "registry+https://github.com/rust-lang/crates.io-index"

[metadata]
"checksum afl 0.4.4 (registry+https://github.com/rust-lang/crates.io-index)" = "2d2b15f7ed343b7446090d0de7789a640c22b163fb200d81cef958fcb9856692"
"checksum ansi_term 0.11.0 (registry+https://github.com/rust-lang/crates.io-index)" = "ee49baf6cb617b853aa8d93bf420db2383fab46d314482ca2803b40d5fde979b"
"checksum arbitrary 0.1.1 (registry+https://github.com/rust-lang/crates.io-index)" = "6c7d1523aa3a127adf8b27af2404c03c12825b4c4d0698f01648d63fa9df62ee"
"checksum atty 0.2.13 (registry+https://github.com/rust-lang/crates.io-index)" = "1803c647a3ec87095e7ae7acfca019e98de5ec9a7d01343f611cf3152ed71a90"
"checksum backtrace 0.3.33 (registry+https://github.com/rust-lang/crates.io-index)" = "88fb679bc9af8fa639198790a77f52d345fe13656c08b43afa9424c206b731c6"
"checksum backtrace-sys 0.1.31 (registry+https://github.com/rust-lang/crates.io-index)" = "82a830b4ef2d1124a711c71d263c5abdc710ef8e907bd508c88be475cebc422b"
"checksum bitflags 1.1.0 (registry+https://github.com/rust-lang/crates.io-index)" = "3d155346769a6855b86399e9bc3814ab343cd3d62c7e985113d46a0ec3c281fd"
"checksum c2-chacha 0.2.2 (registry+https://github.com/rust-lang/crates.io-index)" = "7d64d04786e0f528460fc884753cf8dddcc466be308f6026f8e355c41a0e4101"
"checksum cc 1.0.38 (registry+https://github.com/rust-lang/crates.io-index)" = "ce400c638d48ee0e9ab75aef7997609ec57367ccfe1463f21bf53c3eca67bf46"
"checksum cfg-if 0.1.9 (registry+https://github.com/rust-lang/crates.io-index)" = "b486ce3ccf7ffd79fdeb678eac06a9e6c09fc88d33836340becb8fffe87c5e33"
"checksum clap 2.33.0 (registry+https://github.com/rust-lang/crates.io-index)" = "5067f5bb2d80ef5d68b4c87db81601f0b75bca627bc2ef76b141d7b846a3c6d9"
"checksum cranelift 0.44.0 (registry+https://github.com/rust-lang/crates.io-index)" = "5a1416bf0dea8ca9ddfd6cfb6288e94b89ea15311720d0de64a22938e60833e0"
"checksum cranelift-bforest 0.44.0 (registry+https://github.com/rust-lang/crates.io-index)" = "fff04f4ad82c9704a22e753c6268cc6a89add76f094b837cefbba1c665411451"
"checksum cranelift-codegen 0.44.0 (registry+https://github.com/rust-lang/crates.io-index)" = "6ff4a221ec1b95df4b1d20a99fec4fe92a28bebf3a815f2eca72b26f9a627485"
"checksum cranelift-codegen-meta 0.44.0 (registry+https://github.com/rust-lang/crates.io-index)" = "dd47f665e2ee8f177b97d1f5ce2bd70f54d3b793abb26d92942bfaa4a381fe9f"
"checksum cranelift-codegen-shared 0.44.0 (registry+https://github.com/rust-lang/crates.io-index)" = "05bb95945fd940bd5fc2616b063ce69e55de3d9449a32fa40f6bb99a927085bf"
"checksum cranelift-entity 0.44.0 (registry+https://github.com/rust-lang/crates.io-index)" = "e8753f15d9bde04988834705d437b6f6e4b4da0527968b8d40d7342262d43052"
"checksum cranelift-faerie 0.44.0 (registry+https://github.com/rust-lang/crates.io-index)" = "7c8ce7601768477bd5bae8dc4fc710efc0c657bc89c1960ccbe46b23909872bf"
"checksum cranelift-frontend 0.44.0 (registry+https://github.com/rust-lang/crates.io-index)" = "d53af8582c0ff5d18dffde0b2f018c4a04f8aad576cfb4fc1302d333ce77b05c"
"checksum cranelift-module 0.44.0 (registry+https://github.com/rust-lang/crates.io-index)" = "2ac864256683edb9ebeac58894bafa0b7386586b3dd4b104fa20f24f5833351e"
"checksum faerie 0.11.0 (registry+https://github.com/rust-lang/crates.io-index)" = "875d78b92b2a4d9e1e2c7eeccfa30a327d2ee6434db3beb8fd6fd92f41898bc4"
"checksum failure 0.1.5 (registry+https://github.com/rust-lang/crates.io-index)" = "795bd83d3abeb9220f257e597aa0080a508b27533824adf336529648f6abf7e2"
"checksum failure_derive 0.1.5 (registry+https://github.com/rust-lang/crates.io-index)" = "ea1063915fd7ef4309e222a5a07cf9c319fb9c7836b1f89b85458672dbb127e1"
"checksum getrandom 0.1.7 (registry+https://github.com/rust-lang/crates.io-index)" = "cd8e190892c840661957ba9f32dacfb3eb405e657f9f9f60485605f0bb37d6f8"
"checksum goblin 0.0.24 (registry+https://github.com/rust-lang/crates.io-index)" = "e3fa261d919c1ae9d1e4533c4a2f99e10938603c4208d56c05bec7a872b661b0"
"checksum indexmap 1.0.2 (registry+https://github.com/rust-lang/crates.io-index)" = "7e81a7c05f79578dbc15793d8b619db9ba32b4577003ef3af1a91c416798c58d"
"checksum itoa 0.4.4 (registry+https://github.com/rust-lang/crates.io-index)" = "501266b7edd0174f8530248f87f99c88fbe60ca4ef3dd486835b8d8d53136f7f"
"checksum lazy_static 1.3.0 (registry+https://github.com/rust-lang/crates.io-index)" = "bc5729f27f159ddd61f4df6228e827e86643d4d3e7c32183cb30a1c08f604a14"
"checksum libc 0.2.60 (registry+https://github.com/rust-lang/crates.io-index)" = "d44e80633f007889c7eff624b709ab43c92d708caad982295768a7b13ca3b5eb"
"checksum libfuzzer-sys 0.1.0 (git+https://github.com/rust-fuzz/libfuzzer-sys.git)" = "<none>"
"checksum log 0.4.8 (registry+https://github.com/rust-lang/crates.io-index)" = "14b6052be84e6b71ab17edffc2eeabf5c2c3ae1fdb464aae35ac50c67a44e1f7"
"checksum pico-args 0.2.0 (registry+https://github.com/rust-lang/crates.io-index)" = "2fce25154205cf4360b456fd7d48994afe20663b77e3bd3d0a353a2fccf7f22c"
"checksum plain 0.2.3 (registry+https://github.com/rust-lang/crates.io-index)" = "b4596b6d070b27117e987119b4dac604f3c58cfb0b191112e24771b2faeac1a6"
"checksum ppv-lite86 0.2.5 (registry+https://github.com/rust-lang/crates.io-index)" = "e3cbf9f658cdb5000fcf6f362b8ea2ba154b9f146a61c7a20d647034c6b6561b"
"checksum proc-macro2 0.4.30 (registry+https://github.com/rust-lang/crates.io-index)" = "cf3d2011ab5c909338f7887f4fc896d35932e29146c12c8d01da6b22a80ba759"
"checksum quote 0.6.13 (registry+https://github.com/rust-lang/crates.io-index)" = "6ce23b6b870e8f94f81fb0a363d65d86675884b34a09043c81e5562f11c1f8e1"
"checksum rand 0.7.0 (registry+https://github.com/rust-lang/crates.io-index)" = "d47eab0e83d9693d40f825f86948aa16eff6750ead4bdffc4ab95b8b3a7f052c"
"checksum rand_chacha 0.2.1 (registry+https://github.com/rust-lang/crates.io-index)" = "03a2a90da8c7523f554344f921aa97283eadf6ac484a6d2a7d0212fa7f8d6853"
"checksum rand_core 0.5.0 (registry+https://github.com/rust-lang/crates.io-index)" = "615e683324e75af5d43d8f7a39ffe3ee4a9dc42c5c701167a71dc59c3a493aca"
"checksum rand_hc 0.2.0 (registry+https://github.com/rust-lang/crates.io-index)" = "ca3129af7b92a17112d59ad498c6f81eaf463253766b90396d39ea7a39d6613c"
"checksum redox_syscall 0.1.56 (registry+https://github.com/rust-lang/crates.io-index)" = "2439c63f3f6139d1b57529d16bc3b8bb855230c8efcc5d3a896c8bea7c3b1e84"
"checksum remove_dir_all 0.5.2 (registry+https://github.com/rust-lang/crates.io-index)" = "4a83fa3702a688b9359eccba92d153ac33fd2e8462f9e0e3fdf155239ea7792e"
"checksum rustc-demangle 0.1.15 (registry+https://github.com/rust-lang/crates.io-index)" = "a7f4dccf6f4891ebcc0c39f9b6eb1a83b9bf5d747cb439ec6fba4f3b977038af"
"checksum rustc_version 0.2.3 (registry+https://github.com/rust-lang/crates.io-index)" = "138e3e0acb6c9fb258b19b67cb8abd63c00679d2851805ea151465464fe9030a"
"checksum ryu 1.0.0 (registry+https://github.com/rust-lang/crates.io-index)" = "c92464b447c0ee8c4fb3824ecc8383b81717b9f1e74ba2e72540aef7b9f82997"
"checksum scroll 0.9.2 (registry+https://github.com/rust-lang/crates.io-index)" = "2f84d114ef17fd144153d608fba7c446b0145d038985e7a8cc5d08bb0ce20383"
"checksum scroll_derive 0.9.5 (registry+https://github.com/rust-lang/crates.io-index)" = "8f1aa96c45e7f5a91cb7fabe7b279f02fea7126239fc40b732316e8b6a2d0fcb"
"checksum semver 0.9.0 (registry+https://github.com/rust-lang/crates.io-index)" = "1d7eb9ef2c18661902cc47e535f9bc51b78acd254da71d375c2f6720d9a40403"
"checksum semver-parser 0.7.0 (registry+https://github.com/rust-lang/crates.io-index)" = "388a1df253eca08550bef6c72392cfe7c30914bf41df5269b68cbd6ff8f570a3"
"checksum serde 1.0.98 (registry+https://github.com/rust-lang/crates.io-index)" = "7fe5626ac617da2f2d9c48af5515a21d5a480dbd151e01bb1c355e26a3e68113"
"checksum serde_json 1.0.40 (registry+https://github.com/rust-lang/crates.io-index)" = "051c49229f282f7c6f3813f8286cc1e3323e8051823fce42c7ea80fe13521704"
"checksum smallvec 0.6.10 (registry+https://github.com/rust-lang/crates.io-index)" = "ab606a9c5e214920bb66c458cd7be8ef094f813f20fe77a54cc7dbfff220d4b7"
"checksum string-interner 0.7.1 (registry+https://github.com/rust-lang/crates.io-index)" = "fd710eadff449a1531351b0e43eb81ea404336fa2f56c777427ab0e32a4cf183"
"checksum strsim 0.8.0 (registry+https://github.com/rust-lang/crates.io-index)" = "8ea5119cdb4c55b55d432abb513a0429384878c15dde60cc77b1c99de1a95a6a"
"checksum syn 0.15.42 (registry+https://github.com/rust-lang/crates.io-index)" = "eadc09306ca51a40555dd6fc2b415538e9e18bc9f870e47b1a524a79fe2dcf5e"
"checksum synstructure 0.10.2 (registry+https://github.com/rust-lang/crates.io-index)" = "02353edf96d6e4dc81aea2d8490a7e9db177bf8acb0e951c24940bf866cb313f"
"checksum target-lexicon 0.8.1 (registry+https://github.com/rust-lang/crates.io-index)" = "7975cb2c6f37d77b190bc5004a2bb015971464756fde9514651a525ada2a741a"
"checksum tempfile 3.1.0 (registry+https://github.com/rust-lang/crates.io-index)" = "7a6e24d9338a0a5be79593e2fa15a648add6138caa803e2d5bc782c371732ca9"
"checksum textwrap 0.11.0 (registry+https://github.com/rust-lang/crates.io-index)" = "d326610f408c7a4eb6f51c37c330e496b08506c9457c9d34287ecc38809fb060"
"checksum unicode-width 0.1.5 (registry+https://github.com/rust-lang/crates.io-index)" = "882386231c45df4700b275c7ff55b6f3698780a650026380e72dabe76fa46526"
"checksum unicode-xid 0.1.0 (registry+https://github.com/rust-lang/crates.io-index)" = "fc72304796d0818e357ead4e000d19c9c174ab23dc11093ac919054d20a6a7fc"
"checksum vec_map 0.8.1 (registry+https://github.com/rust-lang/crates.io-index)" = "05c78687fb1a80548ae3250346c3db86a80a7cdd77bda190189f2d0a0987c81a"
"checksum winapi 0.3.7 (registry+https://github.com/rust-lang/crates.io-index)" = "f10e386af2b13e47c89e7236a7a14a086791a2b88ebad6df9bf42040195cf770"
"checksum winapi-i686-pc-windows-gnu 0.4.0 (registry+https://github.com/rust-lang/crates.io-index)" = "ac3b87c63620426dd9b991e5ce0329eff545bccbbb34f3be09ff6fb6ab51b7b6"
"checksum winapi-x86_64-pc-windows-gnu 0.4.0 (registry+https://github.com/rust-lang/crates.io-index)" = "712e227841d057c1ee1cd2fb22fa7e5a5461ae8e48fa2ca79ec42cfc1931183f"
"checksum xdg 2.2.0 (registry+https://github.com/rust-lang/crates.io-index)" = "d089681aa106a86fade1b0128fb5daf07d5867a509ab036d99988dec80429a57"
